
Microsoft Visual Studio Solution File, Format Version 12.00
# Visual Studio Version 16
VisualStudioVersion = 16.0.30611.23
MinimumVisualStudioVersion = 10.0.40219.1
Project("{FAE04EC0-301F-11D3-BF4B-00C04F79EFBC}") = "FormsSideScrollerGame", "FormsSideScrollerGame.csproj", "{4079A700-9716-4A78-8E93-8FCAF784F502}"
EndProject
Global
	GlobalSection(SolutionConfigurationPlatforms) = preSolution
		Debug|Any CPU = Debug|Any CPU
		Release|Any CPU = Release|Any CPU
	EndGlobalSection
	GlobalSection(ProjectConfigurationPlatforms) = postSolution
		{4079A700-9716-4A78-8E93-8FCAF784F502}.Debug|Any CPU.ActiveCfg = Debug|Any CPU
		{4079A700-9716-4A78-8E93-8FCAF784F502}.Debug|Any CPU.Build.0 = Debug|Any CPU
		{4079A700-9716-4A78-8E93-8FCAF784F502}.Release|Any CPU.ActiveCfg = Release|Any CPU
		{4079A700-9716-4A78-8E93-8FCAF784F502}.Release|Any CPU.Build.0 = Release|Any CPU
	EndGlobalSection
	GlobalSection(SolutionProperties) = preSolution
		HideSolutionNode = FALSE
	EndGlobalSection
	GlobalSection(ExtensibilityGlobals) = postSolution
		SolutionGuid = {0BB2A579-EEDA-4B21-A480-55C8319369D4}
	EndGlobalSection
EndGlobal
